// !$*UTF8*$!
{
	archiveVersion = 1;
	classes = {
	};
	objectVersion = 56;
	objects = {

/* Begin PBXBuildFile section */
		C22772162A642DB6001E258B /* NikaEnglishApp.swift in Sources */ = {isa = PBXBuildFile; fileRef = C22772152A642DB6001E258B /* NikaEnglishApp.swift */; };
		C22772182A642DB6001E258B /* ContentView.swift in Sources */ = {isa = PBXBuildFile; fileRef = C22772172A642DB6001E258B /* ContentView.swift */; };
		C227721A2A642DBA001E258B /* Assets.xcassets in Resources */ = {isa = PBXBuildFile; fileRef = C22772192A642DBA001E258B /* Assets.xcassets */; };
		C227721D2A642DBA001E258B /* Preview Assets.xcassets in Resources */ = {isa = PBXBuildFile; fileRef = C227721C2A642DBA001E258B /* Preview Assets.xcassets */; };
		C22772242A642E3E001E258B /* ColorView.swift in Sources */ = {isa = PBXBuildFile; fileRef = C22772232A642E3D001E258B /* ColorView.swift */; };
		C22772262A642E57001E258B /* AnimalView.swift in Sources */ = {isa = PBXBuildFile; fileRef = C22772252A642E56001E258B /* AnimalView.swift */; };
		C22772282A643EDB001E258B /* ColorsList.swift in Sources */ = {isa = PBXBuildFile; fileRef = C22772272A643EDB001E258B /* ColorsList.swift */; };
		C227722A2A65A186001E258B /* Animals.swift in Sources */ = {isa = PBXBuildFile; fileRef = C22772292A65A186001E258B /* Animals.swift */; };
		C227722C2A67315D001E258B /* GlossaryView.swift in Sources */ = {isa = PBXBuildFile; fileRef = C227722B2A67315D001E258B /* GlossaryView.swift */; };
		C227722E2A6C647F001E258B /* CategoryList.swift in Sources */ = {isa = PBXBuildFile; fileRef = C227722D2A6C647F001E258B /* CategoryList.swift */; };
		C22772302A6C6C4C001E258B /* CategoryView.swift in Sources */ = {isa = PBXBuildFile; fileRef = C227722F2A6C6C4C001E258B /* CategoryView.swift */; };
		C22772322A6C712F001E258B /* CategoryDetailsView.swift in Sources */ = {isa = PBXBuildFile; fileRef = C22772312A6C712F001E258B /* CategoryDetailsView.swift */; };
		C253EA822A818A9D00AD4953 /* Numbers.swift in Sources */ = {isa = PBXBuildFile; fileRef = C253EA812A818A9C00AD4953 /* Numbers.swift */; };
		C253EA842A818B4300AD4953 /* NumbersView.swift in Sources */ = {isa = PBXBuildFile; fileRef = C253EA832A818B4300AD4953 /* NumbersView.swift */; };
		C253EA8D2A88E4A300AD4953 /* Animals.json in Resources */ = {isa = PBXBuildFile; fileRef = C253EA8A2A88E4A300AD4953 /* Animals.json */; };
		C253EA8E2A88E4A300AD4953 /* Numbers.json in Resources */ = {isa = PBXBuildFile; fileRef = C253EA8B2A88E4A300AD4953 /* Numbers.json */; };
		C253EA8F2A88E4A300AD4953 /* English.json in Resources */ = {isa = PBXBuildFile; fileRef = C253EA8C2A88E4A300AD4953 /* English.json */; };
		C2986CAC2A8C070F00B22AF8 /* Colors.json in Resources */ = {isa = PBXBuildFile; fileRef = C2986CAB2A8C070F00B22AF8 /* Colors.json */; };
		C2A7D0132A72DB5600627B7F /* FoodView.swift in Sources */ = {isa = PBXBuildFile; fileRef = C2A7D0122A72DB5600627B7F /* FoodView.swift */; };
		C2A7D0152A72DB8500627B7F /* ShoppingView.swift in Sources */ = {isa = PBXBuildFile; fileRef = C2A7D0142A72DB8500627B7F /* ShoppingView.swift */; };
		C2A7D0172A72ED9900627B7F /* AlphabetView.swift in Sources */ = {isa = PBXBuildFile; fileRef = C2A7D0162A72ED9900627B7F /* AlphabetView.swift */; };
		C2A7D0192A75ABAF00627B7F /* Words.swift in Sources */ = {isa = PBXBuildFile; fileRef = C2A7D0182A75ABAF00627B7F /* Words.swift */; };
		C2A7D01B2A75AD0D00627B7F /* WordSaveFormView.swift in Sources */ = {isa = PBXBuildFile; fileRef = C2A7D01A2A75AD0D00627B7F /* WordSaveFormView.swift */; };
		C2A7D01D2A75AFFF00627B7F /* WordView.swift in Sources */ = {isa = PBXBuildFile; fileRef = C2A7D01C2A75AFFE00627B7F /* WordView.swift */; };
		C2A7D0212A7C115300627B7F /* Alphabet.swift in Sources */ = {isa = PBXBuildFile; fileRef = C2A7D0202A7C115200627B7F /* Alphabet.swift */; };
		C2A7D0232A7C230500627B7F /* CodableExtension.swift in Sources */ = {isa = PBXBuildFile; fileRef = C2A7D0222A7C230500627B7F /* CodableExtension.swift */; };
/* End PBXBuildFile section */

/* Begin PBXFileReference section */
		C22772122A642DB6001E258B /* NikaEnglish.app */ = {isa = PBXFileReference; explicitFileType = wrapper.application; includeInIndex = 0; path = NikaEnglish.app; sourceTree = BUILT_PRODUCTS_DIR; };
		C22772152A642DB6001E258B /* NikaEnglishApp.swift */ = {isa = PBXFileReference; lastKnownFileType = sourcecode.swift; path = NikaEnglishApp.swift; sourceTree = "<group>"; };
		C22772172A642DB6001E258B /* ContentView.swift */ = {isa = PBXFileReference; lastKnownFileType = sourcecode.swift; path = ContentView.swift; sourceTree = "<group>"; };
		C22772192A642DBA001E258B /* Assets.xcassets */ = {isa = PBXFileReference; lastKnownFileType = folder.assetcatalog; path = Assets.xcassets; sourceTree = "<group>"; };
		C227721C2A642DBA001E258B /* Preview Assets.xcassets */ = {isa = PBXFileReference; lastKnownFileType = folder.assetcatalog; path = "Preview Assets.xcassets"; sourceTree = "<group>"; };
		C22772232A642E3D001E258B /* ColorView.swift */ = {isa = PBXFileReference; lastKnownFileType = sourcecode.swift; path = ColorView.swift; sourceTree = "<group>"; };
		C22772252A642E56001E258B /* AnimalView.swift */ = {isa = PBXFileReference; lastKnownFileType = sourcecode.swift; path = AnimalView.swift; sourceTree = "<group>"; };
		C22772272A643EDB001E258B /* ColorsList.swift */ = {isa = PBXFileReference; lastKnownFileType = sourcecode.swift; path = ColorsList.swift; sourceTree = "<group>"; };
		C22772292A65A186001E258B /* Animals.swift */ = {isa = PBXFileReference; lastKnownFileType = sourcecode.swift; path = Animals.swift; sourceTree = "<group>"; };
		C227722B2A67315D001E258B /* GlossaryView.swift */ = {isa = PBXFileReference; lastKnownFileType = sourcecode.swift; path = GlossaryView.swift; sourceTree = "<group>"; };
		C227722D2A6C647F001E258B /* CategoryList.swift */ = {isa = PBXFileReference; lastKnownFileType = sourcecode.swift; path = CategoryList.swift; sourceTree = "<group>"; };
		C227722F2A6C6C4C001E258B /* CategoryView.swift */ = {isa = PBXFileReference; lastKnownFileType = sourcecode.swift; path = CategoryView.swift; sourceTree = "<group>"; };
		C22772312A6C712F001E258B /* CategoryDetailsView.swift */ = {isa = PBXFileReference; lastKnownFileType = sourcecode.swift; path = CategoryDetailsView.swift; sourceTree = "<group>"; };
		C253EA812A818A9C00AD4953 /* Numbers.swift */ = {isa = PBXFileReference; lastKnownFileType = sourcecode.swift; path = Numbers.swift; sourceTree = "<group>"; };
		C253EA832A818B4300AD4953 /* NumbersView.swift */ = {isa = PBXFileReference; lastKnownFileType = sourcecode.swift; path = NumbersView.swift; sourceTree = "<group>"; };
		C253EA8A2A88E4A300AD4953 /* Animals.json */ = {isa = PBXFileReference; fileEncoding = 4; lastKnownFileType = text.json; name = Animals.json; path = Data/Animals.json; sourceTree = SOURCE_ROOT; };
		C253EA8B2A88E4A300AD4953 /* Numbers.json */ = {isa = PBXFileReference; fileEncoding = 4; lastKnownFileType = text.json; name = Numbers.json; path = Data/Numbers.json; sourceTree = SOURCE_ROOT; };
		C253EA8C2A88E4A300AD4953 /* English.json */ = {isa = PBXFileReference; fileEncoding = 4; lastKnownFileType = text.json; name = English.json; path = Data/English.json; sourceTree = SOURCE_ROOT; };
		C2986CAB2A8C070F00B22AF8 /* Colors.json */ = {isa = PBXFileReference; fileEncoding = 4; lastKnownFileType = text.json; name = Colors.json; path = Data/Colors.json; sourceTree = SOURCE_ROOT; };
		C2A7D0122A72DB5600627B7F /* FoodView.swift */ = {isa = PBXFileReference; lastKnownFileType = sourcecode.swift; path = FoodView.swift; sourceTree = "<group>"; };
		C2A7D0142A72DB8500627B7F /* ShoppingView.swift */ = {isa = PBXFileReference; lastKnownFileType = sourcecode.swift; path = ShoppingView.swift; sourceTree = "<group>"; };
		C2A7D0162A72ED9900627B7F /* AlphabetView.swift */ = {isa = PBXFileReference; lastKnownFileType = sourcecode.swift; path = AlphabetView.swift; sourceTree = "<group>"; };
		C2A7D0182A75ABAF00627B7F /* Words.swift */ = {isa = PBXFileReference; lastKnownFileType = sourcecode.swift; path = Words.swift; sourceTree = "<group>"; };
		C2A7D01A2A75AD0D00627B7F /* WordSaveFormView.swift */ = {isa = PBXFileReference; lastKnownFileType = sourcecode.swift; path = WordSaveFormView.swift; sourceTree = "<group>"; };
		C2A7D01C2A75AFFE00627B7F /* WordView.swift */ = {isa = PBXFileReference; lastKnownFileType = sourcecode.swift; path = WordView.swift; sourceTree = "<group>"; };
		C2A7D0202A7C115200627B7F /* Alphabet.swift */ = {isa = PBXFileReference; lastKnownFileType = sourcecode.swift; path = Alphabet.swift; sourceTree = "<group>"; };
		C2A7D0222A7C230500627B7F /* CodableExtension.swift */ = {isa = PBXFileReference; lastKnownFileType = sourcecode.swift; path = CodableExtension.swift; sourceTree = "<group>"; };
/* End PBXFileReference section */

/* Begin PBXFrameworksBuildPhase section */
		C227720F2A642DB6001E258B /* Frameworks */ = {
			isa = PBXFrameworksBuildPhase;
			buildActionMask = 2147483647;
			files = (
			);
			runOnlyForDeploymentPostprocessing = 0;
		};
/* End PBXFrameworksBuildPhase section */

/* Begin PBXGroup section */
		C22772092A642DB6001E258B = {
			isa = PBXGroup;
			children = (
				C22772142A642DB6001E258B /* NikaEnglish */,
				C22772132A642DB6001E258B /* Products */,
			);
			sourceTree = "<group>";
		};
		C22772132A642DB6001E258B /* Products */ = {
			isa = PBXGroup;
			children = (
				C22772122A642DB6001E258B /* NikaEnglish.app */,
			);
			name = Products;
			sourceTree = "<group>";
		};
		C22772142A642DB6001E258B /* NikaEnglish */ = {
			isa = PBXGroup;
			children = (
				C22772152A642DB6001E258B /* NikaEnglishApp.swift */,
				C22772172A642DB6001E258B /* ContentView.swift */,
				C2A7D0202A7C115200627B7F /* Alphabet.swift */,
				C253EA812A818A9C00AD4953 /* Numbers.swift */,
				C253EA832A818B4300AD4953 /* NumbersView.swift */,
				C2A7D0162A72ED9900627B7F /* AlphabetView.swift */,
				C22772232A642E3D001E258B /* ColorView.swift */,
				C22772252A642E56001E258B /* AnimalView.swift */,
				C2A7D0222A7C230500627B7F /* CodableExtension.swift */,
				C2A7D0182A75ABAF00627B7F /* Words.swift */,
				C227722B2A67315D001E258B /* GlossaryView.swift */,
				C2A7D01A2A75AD0D00627B7F /* WordSaveFormView.swift */,
				C2A7D01C2A75AFFE00627B7F /* WordView.swift */,
				C227722F2A6C6C4C001E258B /* CategoryView.swift */,
				C22772312A6C712F001E258B /* CategoryDetailsView.swift */,
				C2A7D0142A72DB8500627B7F /* ShoppingView.swift */,
				C2A7D0122A72DB5600627B7F /* FoodView.swift */,
				C227722D2A6C647F001E258B /* CategoryList.swift */,
				C22772272A643EDB001E258B /* ColorsList.swift */,
				C22772192A642DBA001E258B /* Assets.xcassets */,
				C22772292A65A186001E258B /* Animals.swift */,
				C253EA892A88E2D800AD4953 /* Data */,
				C227721B2A642DBA001E258B /* Preview Content */,
			);
			path = NikaEnglish;
			sourceTree = "<group>";
		};
		C227721B2A642DBA001E258B /* Preview Content */ = {
			isa = PBXGroup;
			children = (
				C227721C2A642DBA001E258B /* Preview Assets.xcassets */,
			);
			path = "Preview Content";
			sourceTree = "<group>";
		};
		C253EA892A88E2D800AD4953 /* Data */ = {
			isa = PBXGroup;
			children = (
				C253EA8A2A88E4A300AD4953 /* Animals.json */,
				C2986CAB2A8C070F00B22AF8 /* Colors.json */,
				C253EA8C2A88E4A300AD4953 /* English.json */,
				C253EA8B2A88E4A300AD4953 /* Numbers.json */,
			);
			path = Data;
			sourceTree = "<group>";
		};
/* End PBXGroup section */

/* Begin PBXNativeTarget section */
		C22772112A642DB6001E258B /* NikaEnglish */ = {
			isa = PBXNativeTarget;
			buildConfigurationList = C22772202A642DBA001E258B /* Build configuration list for PBXNativeTarget "NikaEnglish" */;
			buildPhases = (
				C227720E2A642DB6001E258B /* Sources */,
				C227720F2A642DB6001E258B /* Frameworks */,
				C22772102A642DB6001E258B /* Resources */,
			);
			buildRules = (
			);
			dependencies = (
			);
			name = NikaEnglish;
			productName = NikaEnglish;
			productReference = C22772122A642DB6001E258B /* NikaEnglish.app */;
			productType = "com.apple.product-type.application";
		};
/* End PBXNativeTarget section */

/* Begin PBXProject section */
		C227720A2A642DB6001E258B /* Project object */ = {
			isa = PBXProject;
			attributes = {
				BuildIndependentTargetsInParallel = 1;
				LastSwiftUpdateCheck = 1420;
				LastUpgradeCheck = 1420;
				TargetAttributes = {
					C22772112A642DB6001E258B = {
						CreatedOnToolsVersion = 14.2;
					};
				};
			};
			buildConfigurationList = C227720D2A642DB6001E258B /* Build configuration list for PBXProject "NikaEnglish" */;
			compatibilityVersion = "Xcode 14.0";
			developmentRegion = en;
			hasScannedForEncodings = 0;
			knownRegions = (
				en,
				Base,
			);
			mainGroup = C22772092A642DB6001E258B;
			productRefGroup = C22772132A642DB6001E258B /* Products */;
			projectDirPath = "";
			projectRoot = "";
			targets = (
				C22772112A642DB6001E258B /* NikaEnglish */,
			);
		};
/* End PBXProject section */

/* Begin PBXResourcesBuildPhase section */
		C22772102A642DB6001E258B /* Resources */ = {
			isa = PBXResourcesBuildPhase;
			buildActionMask = 2147483647;
			files = (
				C253EA8E2A88E4A300AD4953 /* Numbers.json in Resources */,
				C253EA8D2A88E4A300AD4953 /* Animals.json in Resources */,
				C227721D2A642DBA001E258B /* Preview Assets.xcassets in Resources */,
				C253EA8F2A88E4A300AD4953 /* English.json in Resources */,
				C227721A2A642DBA001E258B /* Assets.xcassets in Resources */,
				C2986CAC2A8C070F00B22AF8 /* Colors.json in Resources */,
			);
			runOnlyForDeploymentPostprocessing = 0;
		};
/* End PBXResourcesBuildPhase section */

/* Begin PBXSourcesBuildPhase section */
		C227720E2A642DB6001E258B /* Sources */ = {
			isa = PBXSourcesBuildPhase;
			buildActionMask = 2147483647;
			files = (
				C2A7D01D2A75AFFF00627B7F /* WordView.swift in Sources */,
				C227722C2A67315D001E258B /* GlossaryView.swift in Sources */,
				C2A7D0232A7C230500627B7F /* CodableExtension.swift in Sources */,
				C2A7D0172A72ED9900627B7F /* AlphabetView.swift in Sources */,
				C22772282A643EDB001E258B /* ColorsList.swift in Sources */,
				C227722A2A65A186001E258B /* Animals.swift in Sources */,
				C2A7D0132A72DB5600627B7F /* FoodView.swift in Sources */,
				C22772262A642E57001E258B /* AnimalView.swift in Sources */,
				C2A7D0212A7C115300627B7F /* Alphabet.swift in Sources */,
				C22772242A642E3E001E258B /* ColorView.swift in Sources */,
				C2A7D0192A75ABAF00627B7F /* Words.swift in Sources */,
				C253EA842A818B4300AD4953 /* NumbersView.swift in Sources */,
				C22772182A642DB6001E258B /* ContentView.swift in Sources */,
				C22772162A642DB6001E258B /* NikaEnglishApp.swift in Sources */,
				C2A7D0152A72DB8500627B7F /* ShoppingView.swift in Sources */,
				C253EA822A818A9D00AD4953 /* Numbers.swift in Sources */,
				C22772322A6C712F001E258B /* CategoryDetailsView.swift in Sources */,
				C227722E2A6C647F001E258B /* CategoryList.swift in Sources */,
				C2A7D01B2A75AD0D00627B7F /* WordSaveFormView.swift in Sources */,
				C22772302A6C6C4C001E258B /* CategoryView.swift in Sources */,
			);
			runOnlyForDeploymentPostprocessing = 0;
		};
/* End PBXSourcesBuildPhase section */

/* Begin XCBuildConfiguration section */
		C227721E2A642DBA001E258B /* Debug */ = {
			isa = XCBuildConfiguration;
			buildSettings = {
				ALWAYS_SEARCH_USER_PATHS = NO;
				CLANG_ANALYZER_NONNULL = YES;
				CLANG_ANALYZER_NUMBER_OBJECT_CONVERSION = YES_AGGRESSIVE;
				CLANG_CXX_LANGUAGE_STANDARD = "gnu++20";
				CLANG_ENABLE_MODULES = YES;
				CLANG_ENABLE_OBJC_ARC = YES;
				CLANG_ENABLE_OBJC_WEAK = YES;
				CLANG_WARN_BLOCK_CAPTURE_AUTORELEASING = YES;
				CLANG_WARN_BOOL_CONVERSION = YES;
				CLANG_WARN_COMMA = YES;
				CLANG_WARN_CONSTANT_CONVERSION = YES;
				CLANG_WARN_DEPRECATED_OBJC_IMPLEMENTATIONS = YES;
				CLANG_WARN_DIRECT_OBJC_ISA_USAGE = YES_ERROR;
				CLANG_WARN_DOCUMENTATION_COMMENTS = YES;
				CLANG_WARN_EMPTY_BODY = YES;
				CLANG_WARN_ENUM_CONVERSION = YES;
				CLANG_WARN_INFINITE_RECURSION = YES;
				CLANG_WARN_INT_CONVERSION = YES;
				CLANG_WARN_NON_LITERAL_NULL_CONVERSION = YES;
				CLANG_WARN_OBJC_IMPLICIT_RETAIN_SELF = YES;
				CLANG_WARN_OBJC_LITERAL_CONVERSION = YES;
				CLANG_WARN_OBJC_ROOT_CLASS = YES_ERROR;
				CLANG_WARN_QUOTED_INCLUDE_IN_FRAMEWORK_HEADER = YES;
				CLANG_WARN_RANGE_LOOP_ANALYSIS = YES;
				CLANG_WARN_STRICT_PROTOTYPES = YES;
				CLANG_WARN_SUSPICIOUS_MOVE = YES;
				CLANG_WARN_UNGUARDED_AVAILABILITY = YES_AGGRESSIVE;
				CLANG_WARN_UNREACHABLE_CODE = YES;
				CLANG_WARN__DUPLICATE_METHOD_MATCH = YES;
				COPY_PHASE_STRIP = NO;
				DEBUG_INFORMATION_FORMAT = dwarf;
				ENABLE_STRICT_OBJC_MSGSEND = YES;
				ENABLE_TESTABILITY = YES;
				GCC_C_LANGUAGE_STANDARD = gnu11;
				GCC_DYNAMIC_NO_PIC = NO;
				GCC_NO_COMMON_BLOCKS = YES;
				GCC_OPTIMIZATION_LEVEL = 0;
				GCC_PREPROCESSOR_DEFINITIONS = (
					"DEBUG=1",
					"$(inherited)",
				);
				GCC_WARN_64_TO_32_BIT_CONVERSION = YES;
				GCC_WARN_ABOUT_RETURN_TYPE = YES_ERROR;
				GCC_WARN_UNDECLARED_SELECTOR = YES;
				GCC_WARN_UNINITIALIZED_AUTOS = YES_AGGRESSIVE;
				GCC_WARN_UNUSED_FUNCTION = YES;
				GCC_WARN_UNUSED_VARIABLE = YES;
				IPHONEOS_DEPLOYMENT_TARGET = 16.2;
				MTL_ENABLE_DEBUG_INFO = INCLUDE_SOURCE;
				MTL_FAST_MATH = YES;
				ONLY_ACTIVE_ARCH = YES;
				SDKROOT = iphoneos;
				SWIFT_ACTIVE_COMPILATION_CONDITIONS = DEBUG;
				SWIFT_OPTIMIZATION_LEVEL = "-Onone";
			};
			name = Debug;
		};
		C227721F2A642DBA001E258B /* Release */ = {
			isa = XCBuildConfiguration;
			buildSettings = {
				ALWAYS_SEARCH_USER_PATHS = NO;
				CLANG_ANALYZER_NONNULL = YES;
				CLANG_ANALYZER_NUMBER_OBJECT_CONVERSION = YES_AGGRESSIVE;
				CLANG_CXX_LANGUAGE_STANDARD = "gnu++20";
				CLANG_ENABLE_MODULES = YES;
				CLANG_ENABLE_OBJC_ARC = YES;
				CLANG_ENABLE_OBJC_WEAK = YES;
				CLANG_WARN_BLOCK_CAPTURE_AUTORELEASING = YES;
				CLANG_WARN_BOOL_CONVERSION = YES;
				CLANG_WARN_COMMA = YES;
				CLANG_WARN_CONSTANT_CONVERSION = YES;
				CLANG_WARN_DEPRECATED_OBJC_IMPLEMENTATIONS = YES;
				CLANG_WARN_DIRECT_OBJC_ISA_USAGE = YES_ERROR;
				CLANG_WARN_DOCUMENTATION_COMMENTS = YES;
				CLANG_WARN_EMPTY_BODY = YES;
				CLANG_WARN_ENUM_CONVERSION = YES;
				CLANG_WARN_INFINITE_RECURSION = YES;
				CLANG_WARN_INT_CONVERSION = YES;
				CLANG_WARN_NON_LITERAL_NULL_CONVERSION = YES;
				CLANG_WARN_OBJC_IMPLICIT_RETAIN_SELF = YES;
				CLANG_WARN_OBJC_LITERAL_CONVERSION = YES;
				CLANG_WARN_OBJC_ROOT_CLASS = YES_ERROR;
				CLANG_WARN_QUOTED_INCLUDE_IN_FRAMEWORK_HEADER = YES;
				CLANG_WARN_RANGE_LOOP_ANALYSIS = YES;
				CLANG_WARN_STRICT_PROTOTYPES = YES;
				CLANG_WARN_SUSPICIOUS_MOVE = YES;
				CLANG_WARN_UNGUARDED_AVAILABILITY = YES_AGGRESSIVE;
				CLANG_WARN_UNREACHABLE_CODE = YES;
				CLANG_WARN__DUPLICATE_METHOD_MATCH = YES;
				COPY_PHASE_STRIP = NO;
				DEBUG_INFORMATION_FORMAT = "dwarf-with-dsym";
				ENABLE_NS_ASSERTIONS = NO;
				ENABLE_STRICT_OBJC_MSGSEND = YES;
				GCC_C_LANGUAGE_STANDARD = gnu11;
				GCC_NO_COMMON_BLOCKS = YES;
				GCC_WARN_64_TO_32_BIT_CONVERSION = YES;
				GCC_WARN_ABOUT_RETURN_TYPE = YES_ERROR;
				GCC_WARN_UNDECLARED_SELECTOR = YES;
				GCC_WARN_UNINITIALIZED_AUTOS = YES_AGGRESSIVE;
				GCC_WARN_UNUSED_FUNCTION = YES;
				GCC_WARN_UNUSED_VARIABLE = YES;
				IPHONEOS_DEPLOYMENT_TARGET = 16.2;
				MTL_ENABLE_DEBUG_INFO = NO;
				MTL_FAST_MATH = YES;
				SDKROOT = iphoneos;
				SWIFT_COMPILATION_MODE = wholemodule;
				SWIFT_OPTIMIZATION_LEVEL = "-O";
				VALIDATE_PRODUCT = YES;
			};
			name = Release;
		};
		C22772212A642DBA001E258B /* Debug */ = {
			isa = XCBuildConfiguration;
			buildSettings = {
				ASSETCATALOG_COMPILER_APPICON_NAME = AppIcon;
				ASSETCATALOG_COMPILER_GLOBAL_ACCENT_COLOR_NAME = AccentColor;
				CODE_SIGN_STYLE = Automatic;
				CURRENT_PROJECT_VERSION = 1;
				DEVELOPMENT_ASSET_PATHS = "\"NikaEnglish/Preview Content\"";
				DEVELOPMENT_TEAM = 4X2RRQ5FN4;
				ENABLE_PREVIEWS = YES;
				GENERATE_INFOPLIST_FILE = YES;
				INFOPLIST_KEY_UIApplicationSceneManifest_Generation = YES;
				INFOPLIST_KEY_UIApplicationSupportsIndirectInputEvents = YES;
				INFOPLIST_KEY_UILaunchScreen_Generation = YES;
				INFOPLIST_KEY_UISupportedInterfaceOrientations_iPad = "UIInterfaceOrientationPortrait UIInterfaceOrientationPortraitUpsideDown UIInterfaceOrientationLandscapeLeft UIInterfaceOrientationLandscapeRight";
				INFOPLIST_KEY_UISupportedInterfaceOrientations_iPhone = "UIInterfaceOrientationPortrait UIInterfaceOrientationLandscapeLeft UIInterfaceOrientationLandscapeRight";
				IPHONEOS_DEPLOYMENT_TARGET = 15.6;
				LD_RUNPATH_SEARCH_PATHS = (
					"$(inherited)",
					"@executable_path/Frameworks",
				);
				MARKETING_VERSION = 1.0;
				PRODUCT_BUNDLE_IDENTIFIER = Snow.NikaEnglish;
				PRODUCT_NAME = "$(TARGET_NAME)";
				SWIFT_EMIT_LOC_STRINGS = YES;
				SWIFT_VERSION = 5.0;
				TARGETED_DEVICE_FAMILY = "1,2";
			};
			name = Debug;
		};
		C22772222A642DBA001E258B /* Release */ = {
			isa = XCBuildConfiguration;
			buildSettings = {
				ASSETCATALOG_COMPILER_APPICON_NAME = AppIcon;
				ASSETCATALOG_COMPILER_GLOBAL_ACCENT_COLOR_NAME = AccentColor;
				CODE_SIGN_STYLE = Automatic;
				CURRENT_PROJECT_VERSION = 1;
				DEVELOPMENT_ASSET_PATHS = "\"NikaEnglish/Preview Content\"";
				DEVELOPMENT_TEAM = 4X2RRQ5FN4;
				ENABLE_PREVIEWS = YES;
				GENERATE_INFOPLIST_FILE = YES;
				INFOPLIST_KEY_UIApplicationSceneManifest_Generation = YES;
				INFOPLIST_KEY_UIApplicationSupportsIndirectInputEvents = YES;
				INFOPLIST_KEY_UILaunchScreen_Generation = YES;
				INFOPLIST_KEY_UISupportedInterfaceOrientations_iPad = "UIInterfaceOrientationPortrait UIInterfaceOrientationPortraitUpsideDown UIInterfaceOrientationLandscapeLeft UIInterfaceOrientationLandscapeRight";
				INFOPLIST_KEY_UISupportedInterfaceOrientations_iPhone = "UIInterfaceOrientationPortrait UIInterfaceOrientationLandscapeLeft UIInterfaceOrientationLandscapeRight";
				IPHONEOS_DEPLOYMENT_TARGET = 15.6;
				LD_RUNPATH_SEARCH_PATHS = (
					"$(inherited)",
					"@executable_path/Frameworks",
				);
				MARKETING_VERSION = 1.0;
				PRODUCT_BUNDLE_IDENTIFIER = Snow.NikaEnglish;
				PRODUCT_NAME = "$(TARGET_NAME)";
				SWIFT_EMIT_LOC_STRINGS = YES;
				SWIFT_VERSION = 5.0;
				TARGETED_DEVICE_FAMILY = "1,2";
			};
			name = Release;
		};
/* End XCBuildConfiguration section */

/* Begin XCConfigurationList section */
		C227720D2A642DB6001E258B /* Build configuration list for PBXProject "NikaEnglish" */ = {
			isa = XCConfigurationList;
			buildConfigurations = (
				C227721E2A642DBA001E258B /* Debug */,
				C227721F2A642DBA001E258B /* Release */,
			);
			defaultConfigurationIsVisible = 0;
			defaultConfigurationName = Release;
		};
		C22772202A642DBA001E258B /* Build configuration list for PBXNativeTarget "NikaEnglish" */ = {
			isa = XCConfigurationList;
			buildConfigurations = (
				C22772212A642DBA001E258B /* Debug */,
				C22772222A642DBA001E258B /* Release */,
			);
			defaultConfigurationIsVisible = 0;
			defaultConfigurationName = Release;
		};
/* End XCConfigurationList section */
	};
	rootObject = C227720A2A642DB6001E258B /* Project object */;
}
